# Generated by pub
# See https://dart.dev/tools/pub/glossary#lockfile
packages:
  ansi_styles:
    dependency: transitive
    description:
      name: ansi_styles
      sha256: "9c656cc12b3c27b17dd982b2cc5c0cfdfbdabd7bc8f3ae5e8542d9867b47ce8a"
      url: "https://pub.dev"
    source: hosted
    version: "0.3.2+1"
  args:
    dependency: transitive
    description:
      name: args
      sha256: eef6c46b622e0494a36c5a12d10d77fb4e855501a91c1b9ef9339326e58f0596
      url: "https://pub.dev"
    source: hosted
    version: "2.4.2"
  async:
    dependency: transitive
    description:
      name: async
      sha256: "947bfcf187f74dbc5e146c9eb9c0f10c9f8b30743e341481c1e2ed3ecc18c20c"
      url: "https://pub.dev"
    source: hosted
    version: "2.11.0"
  charcode:
    dependency: transitive
    description:
      name: charcode
      sha256: fb98c0f6d12c920a02ee2d998da788bca066ca5f148492b7085ee23372b12306
      url: "https://pub.dev"
    source: hosted
    version: "1.3.1"
  cli_launcher:
    dependency: transitive
    description:
      name: cli_launcher
      sha256: "5e7e0282b79e8642edd6510ee468ae2976d847a0a29b3916e85f5fa1bfe24005"
      url: "https://pub.dev"
    source: hosted
    version: "0.3.1"
  cli_util:
    dependency: transitive
    description:
      name: cli_util
      sha256: c05b7406fdabc7a49a3929d4af76bcaccbbffcbcdcf185b082e1ae07da323d19
      url: "https://pub.dev"
    source: hosted
    version: "0.4.1"
  collection:
    dependency: transitive
    description:
      name: collection
      sha256: ee67cb0715911d28db6bf4af1026078bd6f0128b07a5f66fb2ed94ec6783c09a
      url: "https://pub.dev"
    source: hosted
    version: "1.18.0"
  conventional_commit:
    dependency: transitive
    description:
      name: conventional_commit
      sha256: dec15ad1118f029c618651a4359eb9135d8b88f761aa24e4016d061cd45948f2
      url: "https://pub.dev"
    source: hosted
    version: "0.6.0+1"
  file:
    dependency: transitive
    description:
      name: file
      sha256: "5fc22d7c25582e38ad9a8515372cd9a93834027aacf1801cf01164dac0ffa08c"
      url: "https://pub.dev"
    source: hosted
    version: "7.0.0"
  glob:
    dependency: transitive
    description:
      name: glob
      sha256: "0e7014b3b7d4dac1ca4d6114f82bf1782ee86745b9b42a92c9289c23d8a0ab63"
      url: "https://pub.dev"
    source: hosted
    version: "2.1.2"
  graphs:
    dependency: transitive
    description:
      name: graphs
      sha256: aedc5a15e78fc65a6e23bcd927f24c64dd995062bcd1ca6eda65a3cff92a4d19
      url: "https://pub.dev"
    source: hosted
    version: "2.3.1"
  http:
    dependency: transitive
    description:
      name: http
      sha256: a2bbf9d017fcced29139daa8ed2bba4ece450ab222871df93ca9eec6f80c34ba
      url: "https://pub.dev"
    source: hosted
    version: "1.2.0"
  http_parser:
    dependency: transitive
    description:
      name: http_parser
      sha256: "2aa08ce0341cc9b354a498388e30986515406668dbcc4f7c950c3e715496693b"
      url: "https://pub.dev"
    source: hosted
    version: "4.0.2"
  io:
    dependency: transitive
    description:
      name: io
      sha256: "2ec25704aba361659e10e3e5f5d672068d332fc8ac516421d483a11e5cbd061e"
      url: "https://pub.dev"
    source: hosted
    version: "1.0.4"
  json_annotation:
    dependency: transitive
    description:
      name: json_annotation
      sha256: c33da08e136c3df0190bd5bbe51ae1df4a7d96e7954d1d7249fea2968a72d317
      url: "https://pub.dev"
    source: hosted
    version: "4.8.0"
  matcher:
    dependency: transitive
    description:
      name: matcher
      sha256: c94db23593b89766cda57aab9ac311e3616cf87c6fa4e9749df032f66f30dcb8
      url: "https://pub.dev"
    source: hosted
    version: "0.12.14"
  melos:
    dependency: "direct dev"
    description:
      name: melos
      sha256: ddd8e0871f02ba1eaa3fdc007e306d05801a5ef595d1637083d6654b272ade68
      url: "https://pub.dev"
    source: hosted
    version: "4.0.0"
  meta:
    dependency: transitive
    description:
      name: meta
      sha256: d584fa6707a52763a52446f02cc621b077888fb63b93bbcb1143a7be5a0c0c04
      url: "https://pub.dev"
    source: hosted
    version: "1.11.0"
  mustache_template:
    dependency: transitive
    description:
      name: mustache_template
      sha256: a46e26f91445bfb0b60519be280555b06792460b27b19e2b19ad5b9740df5d1c
      url: "https://pub.dev"
    source: hosted
    version: "2.0.0"
  path:
    dependency: transitive
    description:
      name: path
      sha256: "8829d8a55c13fc0e37127c29fedf290c102f4e40ae94ada574091fe0ff96c917"
      url: "https://pub.dev"
    source: hosted
    version: "1.8.3"
  platform:
    dependency: transitive
    description:
      name: platform
      sha256: "12220bb4b65720483f8fa9450b4332347737cf8213dd2840d8b2c823e47243ec"
      url: "https://pub.dev"
    source: hosted
    version: "3.1.4"
  pool:
    dependency: transitive
    description:
      name: pool
      sha256: "20fe868b6314b322ea036ba325e6fc0711a22948856475e2c2b6306e8ab39c2a"
      url: "https://pub.dev"
    source: hosted
    version: "1.5.1"
  process:
    dependency: transitive
    description:
      name: process
      sha256: "21e54fd2faf1b5bdd5102afd25012184a6793927648ea81eea80552ac9405b32"
      url: "https://pub.dev"
    source: hosted
    version: "5.0.2"
  prompts:
    dependency: transitive
    description:
      name: prompts
      sha256: "3773b845e85a849f01e793c4fc18a45d52d7783b4cb6c0569fad19f9d0a774a1"
      url: "https://pub.dev"
    source: hosted
    version: "2.0.0"
  pub_semver:
    dependency: transitive
    description:
      name: pub_semver
      sha256: "40d3ab1bbd474c4c2328c91e3a7df8c6dd629b79ece4c4bd04bee496a224fb0c"
      url: "https://pub.dev"
    source: hosted
    version: "2.1.4"
  pub_updater:
    dependency: transitive
    description:
      name: pub_updater
      sha256: "54e8dc865349059ebe7f163d6acce7c89eb958b8047e6d6e80ce93b13d7c9e60"
      url: "https://pub.dev"
    source: hosted
    version: "0.4.0"
  pubspec:
    dependency: transitive
    description:
      name: pubspec
      sha256: f534a50a2b4d48dc3bc0ec147c8bd7c304280fff23b153f3f11803c4d49d927e
      url: "https://pub.dev"
    source: hosted
    version: "2.3.0"
  quiver:
    dependency: transitive
    description:
      name: quiver
      sha256: b1c1ac5ce6688d77f65f3375a9abb9319b3cb32486bdc7a1e0fdf004d7ba4e47
      url: "https://pub.dev"
    source: hosted
    version: "3.2.1"
  source_span:
    dependency: transitive
    description:
      name: source_span
      sha256: dd904f795d4b4f3b870833847c461801f6750a9fa8e61ea5ac53f9422b31f250
      url: "https://pub.dev"
    source: hosted
    version: "1.9.1"
  stack_trace:
    dependency: transitive
    description:
      name: stack_trace
      sha256: c3c7d8edb15bee7f0f74debd4b9c5f3c2ea86766fe4178eb2a18eb30a0bdaed5
      url: "https://pub.dev"
    source: hosted
    version: "1.11.0"
  string_scanner:
    dependency: transitive
    description:
      name: string_scanner
      sha256: "556692adab6cfa87322a115640c11f13cb77b3f076ddcc5d6ae3c20242bedcde"
      url: "https://pub.dev"
    source: hosted
    version: "1.2.0"
  term_glyph:
    dependency: transitive
    description:
      name: term_glyph
      sha256: a29248a84fbb7c79282b40b8c72a1209db169a2e0542bce341da992fe1bc7e84
      url: "https://pub.dev"
    source: hosted
    version: "1.2.1"
  typed_data:
    dependency: transitive
    description:
      name: typed_data
      sha256: "26f87ade979c47a150c9eaab93ccd2bebe70a27dc0b4b29517f2904f04eb11a5"
      url: "https://pub.dev"
    source: hosted
    version: "1.3.1"
  uri:
    dependency: transitive
    description:
      name: uri
      sha256: "889eea21e953187c6099802b7b4cf5219ba8f3518f604a1033064d45b1b8268a"
      url: "https://pub.dev"
    source: hosted
    version: "1.0.0"
  web:
    dependency: transitive
    description:
      name: web
      sha256: "4188706108906f002b3a293509234588823c8c979dc83304e229ff400c996b05"
      url: "https://pub.dev"
    source: hosted
    version: "0.4.2"
  yaml:
    dependency: transitive
    description:
      name: yaml
      sha256: "75769501ea3489fca56601ff33454fe45507ea3bfb014161abc3b43ae25989d5"
      url: "https://pub.dev"
    source: hosted
    version: "3.1.2"
  yaml_edit:
    dependency: transitive
    description:
      name: yaml_edit
      sha256: "1579d4a0340a83cf9e4d580ea51a16329c916973bffd5bd4b45e911b25d46bfd"
      url: "https://pub.dev"
    source: hosted
    version: "2.1.1"
sdks:
  dart: ">=3.2.0 <4.0.0"
