<?xml version="1.0" encoding="UTF-8"?>
<Scheme
   LastUpgradeVersion = "1020"
   version = "1.7">
   <BuildAction
      parallelizeBuildables = "YES"
      buildImplicitDependencies = "YES">
      <PreActions>
         <ExecutionAction
            ActionType = "Xcode.IDEStandardExecutionActionsCore.ExecutionActionType.ShellScriptAction">
            <ActionContent
               title = "Retrieve Dart defines"
               scriptText = "# &#x4f5c;&#x6210;&#x30d5;&#x30a1;&#x30a4;&#x30eb;&#x30d1;&#x30b9;&#10;OUTPUT_FILE=&quot;${SRCROOT}/Flutter/DartDefines.xcconfig&quot;&#10;&#10;# Flutter 2.2 &#x4ee5;&#x964d;&#x3067;&#x5fc5;&#x8981;&#x306a;&#x3001;Dart-Define&#x306e;&#x5909;&#x63db;&#x51e6;&#x7406; &#10;function decode_url() { echo &quot;${*}&quot; | base64 --decode; }&#10;&#10;# &#x3042;&#x3089;&#x304b;&#x3058;&#x3081;&#x30d5;&#x30a1;&#x30a4;&#x30eb;&#x5185;&#x5bb9;&#x3092;&#x7a7a;&#x306b;&#x3059;&#x308b;&#10;: &gt; $OUTPUT_FILE&#10;&#10;IFS=&apos;,&apos; read -r -a define_items &lt;&lt;&lt;&quot;$DART_DEFINES&quot;&#10;&#10;for index in &quot;${!define_items[@]}&quot;&#10;do&#10;    # Flutter 2.2 &#x4ee5;&#x964d;&#x3067;&#x5fc5;&#x8981;&#x306a;&#x30a8;&#x30f3;&#x30b3;&#x30fc;&#x30c9;&#x3092;&#x5b9f;&#x884c;&#x3059;&#x308b;&#10;    item=$(decode_url &quot;${define_items[$index]}&quot;)&#10;    # FLAVOR&#x304c;&#x542b;&#x307e;&#x308c;&#x308b;Dart Define&#x306e;&#x5834;&#x5408;&#10;    if [ $(echo $item | grep &apos;FLAVOR&apos;) ] ; then&#10;        # XCConfig&#x30d5;&#x30a1;&#x30a4;&#x30eb;&#x306b;&#x66f8;&#x304d;&#x8fbc;&#x307f;&#10;        echo $item &gt;&gt; $OUTPUT_FILE&#10;        # Production&#x74b0;&#x5883;&#x4ee5;&#x5916;&#x306e;&#x5834;&#x5408;&#x306b;Bundle ID&#x306e;Suffix&#x3092;&#x8a2d;&#x5b9a;&#x3059;&#x308b;&#10;        if [ $(echo $item | grep -v &apos;prod&apos;) ] ; then&#10;            value=${item#*=}&#10;            echo FLAVOR_SUFFIX=.${value} &gt;&gt; $OUTPUT_FILE&#10;        fi&#10;    fi&#10;done&#10;">
               <EnvironmentBuildable>
                  <BuildableReference
                     BuildableIdentifier = "primary"
                     BlueprintIdentifier = "97C146ED1CF9000F007C117D"
                     BuildableName = "Runner.app"
                     BlueprintName = "Runner"
                     ReferencedContainer = "container:Runner.xcodeproj">
                  </BuildableReference>
               </EnvironmentBuildable>
            </ActionContent>
         </ExecutionAction>
      </PreActions>
      <BuildActionEntries>
         <BuildActionEntry
            buildForTesting = "YES"
            buildForRunning = "YES"
            buildForProfiling = "YES"
            buildForArchiving = "YES"
            buildForAnalyzing = "YES">
            <BuildableReference
               BuildableIdentifier = "primary"
               BlueprintIdentifier = "97C146ED1CF9000F007C117D"
               BuildableName = "Runner.app"
               BlueprintName = "Runner"
               ReferencedContainer = "container:Runner.xcodeproj">
            </BuildableReference>
         </BuildActionEntry>
      </BuildActionEntries>
   </BuildAction>
   <TestAction
      buildConfiguration = "Debug"
      selectedDebuggerIdentifier = "Xcode.DebuggerFoundation.Debugger.LLDB"
      selectedLauncherIdentifier = "Xcode.DebuggerFoundation.Launcher.LLDB"
      shouldUseLaunchSchemeArgsEnv = "YES">
      <MacroExpansion>
         <BuildableReference
            BuildableIdentifier = "primary"
            BlueprintIdentifier = "97C146ED1CF9000F007C117D"
            BuildableName = "Runner.app"
            BlueprintName = "Runner"
            ReferencedContainer = "container:Runner.xcodeproj">
         </BuildableReference>
      </MacroExpansion>
      <Testables>
      </Testables>
   </TestAction>
   <LaunchAction
      buildConfiguration = "Debug"
      selectedDebuggerIdentifier = "Xcode.DebuggerFoundation.Debugger.LLDB"
      selectedLauncherIdentifier = "Xcode.DebuggerFoundation.Launcher.LLDB"
      launchStyle = "0"
      useCustomWorkingDirectory = "NO"
      ignoresPersistentStateOnLaunch = "NO"
      debugDocumentVersioning = "YES"
      debugServiceExtension = "internal"
      allowLocationSimulation = "YES">
      <BuildableProductRunnable
         runnableDebuggingMode = "0">
         <BuildableReference
            BuildableIdentifier = "primary"
            BlueprintIdentifier = "97C146ED1CF9000F007C117D"
            BuildableName = "Runner.app"
            BlueprintName = "Runner"
            ReferencedContainer = "container:Runner.xcodeproj">
         </BuildableReference>
      </BuildableProductRunnable>
   </LaunchAction>
   <ProfileAction
      buildConfiguration = "Profile"
      shouldUseLaunchSchemeArgsEnv = "YES"
      savedToolIdentifier = ""
      useCustomWorkingDirectory = "NO"
      debugDocumentVersioning = "YES">
      <BuildableProductRunnable
         runnableDebuggingMode = "0">
         <BuildableReference
            BuildableIdentifier = "primary"
            BlueprintIdentifier = "97C146ED1CF9000F007C117D"
            BuildableName = "Runner.app"
            BlueprintName = "Runner"
            ReferencedContainer = "container:Runner.xcodeproj">
         </BuildableReference>
      </BuildableProductRunnable>
   </ProfileAction>
   <AnalyzeAction
      buildConfiguration = "Debug">
   </AnalyzeAction>
   <ArchiveAction
      buildConfiguration = "Release"
      revealArchiveInOrganizer = "YES">
   </ArchiveAction>
</Scheme>
