PODS:
  - AppAuth (1.7.3):
    - AppAuth/Core (= 1.7.3)
    - AppAuth/ExternalUserAgent (= 1.7.3)
  - AppAuth/Core (1.7.3)
  - AppAuth/ExternalUserAgent (1.7.3):
    - AppAuth/Core
  - cloud_firestore (4.16.0):
    - Firebase/Firestore (= 10.22.0)
    - firebase_core
    - Flutter
    - nanopb (< 2.30910.0, >= 2.30908.0)
  - device_info_plus (0.0.1):
    - Flutter
  - Firebase/Analytics (10.22.0):
    - Firebase/Core
  - Firebase/Auth (10.22.0):
    - Firebase/CoreOnly
    - FirebaseAuth (~> 10.22.0)
  - Firebase/Core (10.22.0):
    - Firebase/CoreOnly
    - FirebaseAnalytics (~> 10.22.0)
  - Firebase/CoreOnly (10.22.0):
    - FirebaseCore (= 10.22.0)
  - Firebase/Crashlytics (10.22.0):
    - Firebase/CoreOnly
    - FirebaseCrashlytics (~> 10.22.0)
  - Firebase/DynamicLinks (10.22.0):
    - Firebase/CoreOnly
    - FirebaseDynamicLinks (~> 10.22.0)
  - Firebase/Firestore (10.22.0):
    - Firebase/CoreOnly
    - FirebaseFirestore (~> 10.22.0)
  - Firebase/InAppMessaging (10.22.0):
    - Firebase/CoreOnly
    - FirebaseInAppMessaging (~> 10.22.0-beta)
  - Firebase/Messaging (10.22.0):
    - Firebase/CoreOnly
    - FirebaseMessaging (~> 10.22.0)
  - Firebase/Performance (10.22.0):
    - Firebase/CoreOnly
    - FirebasePerformance (~> 10.22.0)
  - Firebase/RemoteConfig (10.22.0):
    - Firebase/CoreOnly
    - FirebaseRemoteConfig (~> 10.22.0)
  - Firebase/Storage (10.22.0):
    - Firebase/CoreOnly
    - FirebaseStorage (~> 10.22.0)
  - firebase_analytics (10.8.10):
    - Firebase/Analytics (= 10.22.0)
    - firebase_core
    - Flutter
  - firebase_auth (4.17.9):
    - Firebase/Auth (= 10.22.0)
    - firebase_core
    - Flutter
  - firebase_core (2.28.0):
    - Firebase/CoreOnly (= 10.22.0)
    - Flutter
  - firebase_crashlytics (3.4.19):
    - Firebase/Crashlytics (= 10.22.0)
    - firebase_core
    - Flutter
  - firebase_dynamic_links (5.4.19):
    - Firebase/DynamicLinks (= 10.22.0)
    - firebase_core
    - Flutter
  - firebase_in_app_messaging (0.7.4-18):
    - Firebase/InAppMessaging (= 10.22.0)
    - firebase_core
    - Flutter
  - firebase_messaging (14.7.20):
    - Firebase/Messaging (= 10.22.0)
    - firebase_core
    - Flutter
  - firebase_performance (0.9.4):
    - Firebase/Performance (= 10.22.0)
    - firebase_core
    - Flutter
  - firebase_remote_config (4.3.18):
    - Firebase/RemoteConfig (= 10.22.0)
    - firebase_core
    - Flutter
  - firebase_storage (11.6.11):
    - Firebase/Storage (= 10.22.0)
    - firebase_core
    - Flutter
  - FirebaseABTesting (10.22.0):
    - FirebaseCore (~> 10.0)
  - FirebaseAnalytics (10.22.0):
    - FirebaseAnalytics/AdIdSupport (= 10.22.0)
    - FirebaseCore (~> 10.0)
    - FirebaseInstallations (~> 10.0)
    - GoogleUtilities/AppDelegateSwizzler (~> 7.11)
    - GoogleUtilities/MethodSwizzler (~> 7.11)
    - GoogleUtilities/Network (~> 7.11)
    - "GoogleUtilities/NSData+zlib (~> 7.11)"
    - nanopb (< 2.30911.0, >= 2.30908.0)
  - FirebaseAnalytics/AdIdSupport (10.22.0):
    - FirebaseCore (~> 10.0)
    - FirebaseInstallations (~> 10.0)
    - GoogleAppMeasurement (= 10.22.0)
    - GoogleUtilities/AppDelegateSwizzler (~> 7.11)
    - GoogleUtilities/MethodSwizzler (~> 7.11)
    - GoogleUtilities/Network (~> 7.11)
    - "GoogleUtilities/NSData+zlib (~> 7.11)"
    - nanopb (< 2.30911.0, >= 2.30908.0)
  - FirebaseAppCheckInterop (10.22.0)
  - FirebaseAuth (10.22.0):
    - FirebaseAppCheckInterop (~> 10.17)
    - FirebaseCore (~> 10.0)
    - GoogleUtilities/AppDelegateSwizzler (~> 7.8)
    - GoogleUtilities/Environment (~> 7.8)
    - GTMSessionFetcher/Core (< 4.0, >= 2.1)
    - RecaptchaInterop (~> 100.0)
  - FirebaseAuthInterop (10.22.0)
  - FirebaseCore (10.22.0):
    - FirebaseCoreInternal (~> 10.0)
    - GoogleUtilities/Environment (~> 7.12)
    - GoogleUtilities/Logger (~> 7.12)
  - FirebaseCoreExtension (10.22.0):
    - FirebaseCore (~> 10.0)
  - FirebaseCoreInternal (10.22.0):
    - "GoogleUtilities/NSData+zlib (~> 7.8)"
  - FirebaseCrashlytics (10.22.0):
    - FirebaseCore (~> 10.5)
    - FirebaseInstallations (~> 10.0)
    - FirebaseSessions (~> 10.5)
    - GoogleDataTransport (~> 9.2)
    - GoogleUtilities/Environment (~> 7.8)
    - nanopb (< 2.30911.0, >= 2.30908.0)
    - PromisesObjC (~> 2.1)
  - FirebaseDynamicLinks (10.22.0):
    - FirebaseCore (~> 10.0)
  - FirebaseFirestore (10.22.0):
    - FirebaseFirestoreBinary (= 10.22.0)
  - FirebaseFirestoreAbseilBinary (1.2022062300.0)
  - FirebaseFirestoreBinary (10.22.0):
    - FirebaseCore (= 10.22.0)
    - FirebaseCoreExtension (= 10.22.0)
    - FirebaseFirestoreInternalBinary (= 10.22.0)
    - FirebaseSharedSwift (= 10.22.0)
  - FirebaseFirestoreGRPCBoringSSLBinary (1.49.1)
  - FirebaseFirestoreGRPCCoreBinary (1.49.1):
    - FirebaseFirestoreAbseilBinary (= 1.2022062300.0)
    - FirebaseFirestoreGRPCBoringSSLBinary (= 1.49.1)
  - FirebaseFirestoreGRPCCPPBinary (1.49.1):
    - FirebaseFirestoreAbseilBinary (= 1.2022062300.0)
    - FirebaseFirestoreGRPCCoreBinary (= 1.49.1)
  - FirebaseFirestoreInternalBinary (10.22.0):
    - FirebaseCore (= 10.22.0)
    - FirebaseFirestoreAbseilBinary (= 1.2022062300.0)
    - FirebaseFirestoreGRPCCPPBinary (= 1.49.1)
    - leveldb-library (~> 1.22)
    - nanopb (< 2.30911.0, >= 2.30908.0)
  - FirebaseInAppMessaging (10.22.0-beta):
    - FirebaseABTesting (~> 10.0)
    - FirebaseCore (~> 10.0)
    - FirebaseInstallations (~> 10.0)
    - GoogleUtilities/Environment (~> 7.8)
    - nanopb (< 2.30911.0, >= 2.30908.0)
  - FirebaseInstallations (10.22.0):
    - FirebaseCore (~> 10.0)
    - GoogleUtilities/Environment (~> 7.8)
    - GoogleUtilities/UserDefaults (~> 7.8)
    - PromisesObjC (~> 2.1)
  - FirebaseMessaging (10.22.0):
    - FirebaseCore (~> 10.0)
    - FirebaseInstallations (~> 10.0)
    - GoogleDataTransport (~> 9.3)
    - GoogleUtilities/AppDelegateSwizzler (~> 7.8)
    - GoogleUtilities/Environment (~> 7.8)
    - GoogleUtilities/Reachability (~> 7.8)
    - GoogleUtilities/UserDefaults (~> 7.8)
    - nanopb (< 2.30911.0, >= 2.30908.0)
  - FirebasePerformance (10.22.0):
    - FirebaseCore (~> 10.5)
    - FirebaseInstallations (~> 10.0)
    - FirebaseRemoteConfig (~> 10.0)
    - FirebaseSessions (~> 10.5)
    - GoogleDataTransport (~> 9.2)
    - GoogleUtilities/Environment (~> 7.8)
    - GoogleUtilities/ISASwizzler (~> 7.8)
    - GoogleUtilities/MethodSwizzler (~> 7.8)
    - nanopb (< 2.30911.0, >= 2.30908.0)
  - FirebaseRemoteConfig (10.22.0):
    - FirebaseABTesting (~> 10.0)
    - FirebaseCore (~> 10.0)
    - FirebaseInstallations (~> 10.0)
    - FirebaseSharedSwift (~> 10.0)
    - GoogleUtilities/Environment (~> 7.8)
    - "GoogleUtilities/NSData+zlib (~> 7.8)"
  - FirebaseSessions (10.22.0):
    - FirebaseCore (~> 10.5)
    - FirebaseCoreExtension (~> 10.0)
    - FirebaseInstallations (~> 10.0)
    - GoogleDataTransport (~> 9.2)
    - GoogleUtilities/Environment (~> 7.10)
    - nanopb (< 2.30911.0, >= 2.30908.0)
    - PromisesSwift (~> 2.1)
  - FirebaseSharedSwift (10.22.0)
  - FirebaseStorage (10.22.0):
    - FirebaseAppCheckInterop (~> 10.0)
    - FirebaseAuthInterop (~> 10.0)
    - FirebaseCore (~> 10.0)
    - FirebaseCoreExtension (~> 10.0)
    - GTMSessionFetcher/Core (< 4.0, >= 2.1)
  - Flutter (1.0.0)
  - google_sign_in_ios (0.0.1):
    - Flutter
    - FlutterMacOS
    - GoogleSignIn (~> 7.0)
  - GoogleAppMeasurement (10.22.0):
    - GoogleAppMeasurement/AdIdSupport (= 10.22.0)
    - GoogleUtilities/AppDelegateSwizzler (~> 7.11)
    - GoogleUtilities/MethodSwizzler (~> 7.11)
    - GoogleUtilities/Network (~> 7.11)
    - "GoogleUtilities/NSData+zlib (~> 7.11)"
    - nanopb (< 2.30911.0, >= 2.30908.0)
  - GoogleAppMeasurement/AdIdSupport (10.22.0):
    - GoogleAppMeasurement/WithoutAdIdSupport (= 10.22.0)
    - GoogleUtilities/AppDelegateSwizzler (~> 7.11)
    - GoogleUtilities/MethodSwizzler (~> 7.11)
    - GoogleUtilities/Network (~> 7.11)
    - "GoogleUtilities/NSData+zlib (~> 7.11)"
    - nanopb (< 2.30911.0, >= 2.30908.0)
  - GoogleAppMeasurement/WithoutAdIdSupport (10.22.0):
    - GoogleUtilities/AppDelegateSwizzler (~> 7.11)
    - GoogleUtilities/MethodSwizzler (~> 7.11)
    - GoogleUtilities/Network (~> 7.11)
    - "GoogleUtilities/NSData+zlib (~> 7.11)"
    - nanopb (< 2.30911.0, >= 2.30908.0)
  - GoogleDataTransport (9.4.1):
    - GoogleUtilities/Environment (~> 7.7)
    - nanopb (< 2.30911.0, >= 2.30908.0)
    - PromisesObjC (< 3.0, >= 1.2)
  - GoogleSignIn (7.0.0):
    - AppAuth (~> 1.5)
    - GTMAppAuth (< 3.0, >= 1.3)
    - GTMSessionFetcher/Core (< 4.0, >= 1.1)
  - GoogleUtilities/AppDelegateSwizzler (7.13.0):
    - GoogleUtilities/Environment
    - GoogleUtilities/Logger
    - GoogleUtilities/Network
    - GoogleUtilities/Privacy
  - GoogleUtilities/Environment (7.13.0):
    - GoogleUtilities/Privacy
    - PromisesObjC (< 3.0, >= 1.2)
  - GoogleUtilities/ISASwizzler (7.13.0):
    - GoogleUtilities/Privacy
  - GoogleUtilities/Logger (7.13.0):
    - GoogleUtilities/Environment
    - GoogleUtilities/Privacy
  - GoogleUtilities/MethodSwizzler (7.13.0):
    - GoogleUtilities/Logger
    - GoogleUtilities/Privacy
  - GoogleUtilities/Network (7.13.0):
    - GoogleUtilities/Logger
    - "GoogleUtilities/NSData+zlib"
    - GoogleUtilities/Privacy
    - GoogleUtilities/Reachability
  - "GoogleUtilities/NSData+zlib (7.13.0)":
    - GoogleUtilities/Privacy
  - GoogleUtilities/Privacy (7.13.0)
  - GoogleUtilities/Reachability (7.13.0):
    - GoogleUtilities/Logger
    - GoogleUtilities/Privacy
  - GoogleUtilities/UserDefaults (7.13.0):
    - GoogleUtilities/Logger
    - GoogleUtilities/Privacy
  - GTMAppAuth (2.0.0):
    - AppAuth/Core (~> 1.6)
    - GTMSessionFetcher/Core (< 4.0, >= 1.5)
  - GTMSessionFetcher/Core (3.3.1)
  - image_picker_ios (0.0.1):
    - Flutter
  - leveldb-library (1.22.4)
  - nanopb (2.30909.1):
    - nanopb/decode (= 2.30909.1)
    - nanopb/encode (= 2.30909.1)
  - nanopb/decode (2.30909.1)
  - nanopb/encode (2.30909.1)
  - package_info_plus (0.4.5):
    - Flutter
  - path_provider_foundation (0.0.1):
    - Flutter
    - FlutterMacOS
  - PromisesObjC (2.4.0)
  - PromisesSwift (2.4.0):
    - PromisesObjC (= 2.4.0)
  - RecaptchaInterop (100.0.0)
  - shared_preferences_foundation (0.0.1):
    - Flutter
    - FlutterMacOS
  - sqflite (0.0.3):
    - Flutter
    - FlutterMacOS
  - url_launcher_ios (0.0.1):
    - Flutter

DEPENDENCIES:
  - cloud_firestore (from `.symlinks/plugins/cloud_firestore/ios`)
  - device_info_plus (from `.symlinks/plugins/device_info_plus/ios`)
  - firebase_analytics (from `.symlinks/plugins/firebase_analytics/ios`)
  - firebase_auth (from `.symlinks/plugins/firebase_auth/ios`)
  - firebase_core (from `.symlinks/plugins/firebase_core/ios`)
  - firebase_crashlytics (from `.symlinks/plugins/firebase_crashlytics/ios`)
  - firebase_dynamic_links (from `.symlinks/plugins/firebase_dynamic_links/ios`)
  - firebase_in_app_messaging (from `.symlinks/plugins/firebase_in_app_messaging/ios`)
  - firebase_messaging (from `.symlinks/plugins/firebase_messaging/ios`)
  - firebase_performance (from `.symlinks/plugins/firebase_performance/ios`)
  - firebase_remote_config (from `.symlinks/plugins/firebase_remote_config/ios`)
  - firebase_storage (from `.symlinks/plugins/firebase_storage/ios`)
  - FirebaseFirestore (from `https://github.com/invertase/firestore-ios-sdk-frameworks.git`, tag `10.22.0`)
  - Flutter (from `Flutter`)
  - google_sign_in_ios (from `.symlinks/plugins/google_sign_in_ios/darwin`)
  - image_picker_ios (from `.symlinks/plugins/image_picker_ios/ios`)
  - package_info_plus (from `.symlinks/plugins/package_info_plus/ios`)
  - path_provider_foundation (from `.symlinks/plugins/path_provider_foundation/darwin`)
  - shared_preferences_foundation (from `.symlinks/plugins/shared_preferences_foundation/darwin`)
  - sqflite (from `.symlinks/plugins/sqflite/darwin`)
  - url_launcher_ios (from `.symlinks/plugins/url_launcher_ios/ios`)

SPEC REPOS:
  trunk:
    - AppAuth
    - Firebase
    - FirebaseABTesting
    - FirebaseAnalytics
    - FirebaseAppCheckInterop
    - FirebaseAuth
    - FirebaseAuthInterop
    - FirebaseCore
    - FirebaseCoreExtension
    - FirebaseCoreInternal
    - FirebaseCrashlytics
    - FirebaseDynamicLinks
    - FirebaseFirestoreAbseilBinary
    - FirebaseFirestoreBinary
    - FirebaseFirestoreGRPCBoringSSLBinary
    - FirebaseFirestoreGRPCCoreBinary
    - FirebaseFirestoreGRPCCPPBinary
    - FirebaseFirestoreInternalBinary
    - FirebaseInAppMessaging
    - FirebaseInstallations
    - FirebaseMessaging
    - FirebasePerformance
    - FirebaseRemoteConfig
    - FirebaseSessions
    - FirebaseSharedSwift
    - FirebaseStorage
    - GoogleAppMeasurement
    - GoogleDataTransport
    - GoogleSignIn
    - GoogleUtilities
    - GTMAppAuth
    - GTMSessionFetcher
    - leveldb-library
    - nanopb
    - PromisesObjC
    - PromisesSwift
    - RecaptchaInterop

EXTERNAL SOURCES:
  cloud_firestore:
    :path: ".symlinks/plugins/cloud_firestore/ios"
  device_info_plus:
    :path: ".symlinks/plugins/device_info_plus/ios"
  firebase_analytics:
    :path: ".symlinks/plugins/firebase_analytics/ios"
  firebase_auth:
    :path: ".symlinks/plugins/firebase_auth/ios"
  firebase_core:
    :path: ".symlinks/plugins/firebase_core/ios"
  firebase_crashlytics:
    :path: ".symlinks/plugins/firebase_crashlytics/ios"
  firebase_dynamic_links:
    :path: ".symlinks/plugins/firebase_dynamic_links/ios"
  firebase_in_app_messaging:
    :path: ".symlinks/plugins/firebase_in_app_messaging/ios"
  firebase_messaging:
    :path: ".symlinks/plugins/firebase_messaging/ios"
  firebase_performance:
    :path: ".symlinks/plugins/firebase_performance/ios"
  firebase_remote_config:
    :path: ".symlinks/plugins/firebase_remote_config/ios"
  firebase_storage:
    :path: ".symlinks/plugins/firebase_storage/ios"
  FirebaseFirestore:
    :git: https://github.com/invertase/firestore-ios-sdk-frameworks.git
    :tag: 10.22.0
  Flutter:
    :path: Flutter
  google_sign_in_ios:
    :path: ".symlinks/plugins/google_sign_in_ios/darwin"
  image_picker_ios:
    :path: ".symlinks/plugins/image_picker_ios/ios"
  package_info_plus:
    :path: ".symlinks/plugins/package_info_plus/ios"
  path_provider_foundation:
    :path: ".symlinks/plugins/path_provider_foundation/darwin"
  shared_preferences_foundation:
    :path: ".symlinks/plugins/shared_preferences_foundation/darwin"
  sqflite:
    :path: ".symlinks/plugins/sqflite/darwin"
  url_launcher_ios:
    :path: ".symlinks/plugins/url_launcher_ios/ios"

CHECKOUT OPTIONS:
  FirebaseFirestore:
    :git: https://github.com/invertase/firestore-ios-sdk-frameworks.git
    :tag: 10.22.0

SPEC CHECKSUMS:
  AppAuth: a13994980c1ec792f7e2e665acd4d4aa6be43240
  cloud_firestore: 4991f9c366cc8446171deec57a905c572c964fc1
  device_info_plus: c6fb39579d0f423935b0c9ce7ee2f44b71b9fce6
  Firebase: 797fd7297b7e1be954432743a0b3f90038e45a71
  firebase_analytics: 773f04fad34c0a4e442deb5bcfb6ffc8102b9221
  firebase_auth: 610184b4f624545f81e0416bca60642b6818f27f
  firebase_core: d955499180c3c8ef355adf46b8752c4c01d09e0a
  firebase_crashlytics: 0be8c89a6b91fd964a7a8fe574109fd528d310bb
  firebase_dynamic_links: 95b935881ca3f9292e0c997481f492d4fff4cf6d
  firebase_in_app_messaging: fc3c0bcbfc195b51cbc550e97953416428fa4f11
  firebase_messaging: f97062a3a7644703ba4892859183c0a59e08d25f
  firebase_performance: af8d4326bc3aafbb7bc558b7ee91e92e080ac5d4
  firebase_remote_config: 359e7df138fdff7207867c0242a4ea0d021164a3
  firebase_storage: 8acf9d33013e2ac77ba3461abade0d13b706dd20
  FirebaseABTesting: 66d2594b36d4ff6e7d3c8719802100990de05857
  FirebaseAnalytics: 8d0ff929c63b7f72260f332b86ccf569776b75d3
  FirebaseAppCheckInterop: 58db3e9494751399cf3e7b7e3e705cff71099153
  FirebaseAuth: bbe4c68f958504ba9e54aee181adbdf5b664fbc6
  FirebaseAuthInterop: fa6a29d88cf7d5649cf6f4284918a8b7627e98a9
  FirebaseCore: 0326ec9b05fbed8f8716cddbf0e36894a13837f7
  FirebaseCoreExtension: 6394c00b887d0bebadbc7049c464aa0cbddc5d41
  FirebaseCoreInternal: bca337352024b18424a61e478460547d46c4c753
  FirebaseCrashlytics: e568d68ce89117c80cddb04073ab9018725fbb8c
  FirebaseDynamicLinks: 25ed0e87b0afb4769cc0ec8e942a532219abac28
  FirebaseFirestore: 6a8bd88aedb9def0411f53e03b564278685fed93
  FirebaseFirestoreAbseilBinary: fc2004a2da6b5978e974ca49c2e463f5e542a78f
  FirebaseFirestoreBinary: c59e4adb329348a5a2479614f718c5b4f7429d5b
  FirebaseFirestoreGRPCBoringSSLBinary: 85a615c0b7e97173d6af581c9879baac663d9743
  FirebaseFirestoreGRPCCoreBinary: bf6ed68cea8ad7b24ba091b53374e91a5211a91f
  FirebaseFirestoreGRPCCPPBinary: cff111ba3ae5bea45a6562e8bd8750d4a7e2ebc6
  FirebaseFirestoreInternalBinary: 5f38434cc9b36a6897a616a14e85d00c890c5634
  FirebaseInAppMessaging: bff8ac490bba54c298b48847e14bd56313d2da1b
  FirebaseInstallations: 763814908793c0da14c18b3dcffdec71e29ed55e
  FirebaseMessaging: 9f71037fd9db3376a4caa54e5a3949d1027b4b6e
  FirebasePerformance: 095debad1fc8d7d73148a835fcaec9e528946166
  FirebaseRemoteConfig: e1b992a94d3674dddbcaf5d0d31a0312156ceb1c
  FirebaseSessions: cd97fb07674f3906619c871eefbd260a1546c9d3
  FirebaseSharedSwift: 48076404e6e52372290d15a07d2ed1d2f1754023
  FirebaseStorage: bc7bddc743548a89cfb896843a77cf4bdde2c231
  Flutter: e0871f40cf51350855a761d2e70bf5af5b9b5de7
  google_sign_in_ios: 989eea5abe94af62050782714daf920be883d4a2
  GoogleAppMeasurement: ccefe3eac9b0aa27f96066809fb1a7fe4b462626
  GoogleDataTransport: 6c09b596d841063d76d4288cc2d2f42cc36e1e2a
  GoogleSignIn: b232380cf495a429b8095d3178a8d5855b42e842
  GoogleUtilities: d053d902a8edaa9904e1bd00c37535385b8ed152
  GTMAppAuth: 99fb010047ba3973b7026e45393f51f27ab965ae
  GTMSessionFetcher: 8a1b34ad97ebe6f909fb8b9b77fba99943007556
  image_picker_ios: b545a5f16c0fa88e3ecbbce3ed4de45567a8ec18
  leveldb-library: 06a69cc7582d64b29424a63e085e683cc188230a
  nanopb: d4d75c12cd1316f4a64e3c6963f879ecd4b5e0d5
  package_info_plus: 58f0028419748fad15bf008b270aaa8e54380b1c
  path_provider_foundation: 3784922295ac71e43754bd15e0653ccfd36a147c
  PromisesObjC: f5707f49cb48b9636751c5b2e7d227e43fba9f47
  PromisesSwift: 9d77319bbe72ebf6d872900551f7eeba9bce2851
  RecaptchaInterop: 7d1a4a01a6b2cb1610a47ef3f85f0c411434cb21
  shared_preferences_foundation: b4c3b4cddf1c21f02770737f147a3f5da9d39695
  sqflite: 673a0e54cc04b7d6dba8d24fb8095b31c3a99eec
  url_launcher_ios: 6116280ddcfe98ab8820085d8d76ae7449447586

PODFILE CHECKSUM: c21c2f7aaf6818e3a3370ff293fcb80de1de5d81

COCOAPODS: 1.15.2
